
Microsoft Visual Studio Solution File, Format Version 12.00
# Visual Studio Version 16
VisualStudioVersion = 16.0.30011.22
MinimumVisualStudioVersion = 10.0.40219.1
Project("{FAE04EC0-301F-11D3-BF4B-00C04F79EFBC}") = "Address", "FirstApp\Address.csproj", "{2E55452E-B7AF-4CB8-AEFE-9625987282B9}"
EndProject
Project("{FAE04EC0-301F-11D3-BF4B-00C04F79EFBC}") = "Rectangle", "Rectangle\Rectangle.csproj", "{872615CF-1243-4B11-8CD0-C2E7DD1F0A84}"
EndProject
Project("{FAE04EC0-301F-11D3-BF4B-00C04F79EFBC}") = "Book", "Book\Book.csproj", "{6DB5C910-61AF-44CC-A9A5-8E3B03E3941F}"
EndProject
Project("{FAE04EC0-301F-11D3-BF4B-00C04F79EFBC}") = "Figure", "Figure\Figure.csproj", "{AA526F1D-9A78-44C5-A1D4-FE278E1712A5}"
EndProject
Project("{FAE04EC0-301F-11D3-BF4B-00C04F79EFBC}") = "User", "User\User.csproj", "{DDB7215F-1D35-4C13-A93C-5B74132F1923}"
EndProject
Project("{FAE04EC0-301F-11D3-BF4B-00C04F79EFBC}") = "Currency Converter", "Currency Converter\Currency Converter.csproj", "{6E261B1A-AF88-42F5-9F02-39FCD88EDFD3}"
EndProject
Project("{FAE04EC0-301F-11D3-BF4B-00C04F79EFBC}") = "Employee", "Employee\Employee.csproj", "{36FEB889-4AC7-4AEC-B2A5-485102C9B1D1}"
EndProject
Project("{FAE04EC0-301F-11D3-BF4B-00C04F79EFBC}") = "Invoice", "Invoice\Invoice.csproj", "{4FA5DCE1-59E0-46E8-9EBE-9CD26E1BE595}"
EndProject
Project("{FAE04EC0-301F-11D3-BF4B-00C04F79EFBC}") = "Printer", "Printer\Printer.csproj", "{A8636227-40D4-471C-9E6E-0510056D7B8B}"
EndProject
Project("{FAE04EC0-301F-11D3-BF4B-00C04F79EFBC}") = "ClassRoom", "ClassRoom\ClassRoom.csproj", "{AF2FB38B-B0E3-459D-A96D-955190DCB92B}"
EndProject
Project("{FAE04EC0-301F-11D3-BF4B-00C04F79EFBC}") = "OpenDocument", "OpenDocument\OpenDocument.csproj", "{F44501FC-A323-488D-B04D-01B1E3AA8A59}"
EndProject
Project("{FAE04EC0-301F-11D3-BF4B-00C04F79EFBC}") = "DocumentParts", "DocumentParts\DocumentParts.csproj", "{69613089-1DAF-47E7-9873-A874FD179E4F}"
EndProject
Project("{FAE04EC0-301F-11D3-BF4B-00C04F79EFBC}") = "AbstractHandler", "AbstractHandler\AbstractHandler.csproj", "{CC801F1F-B9E4-4A69-B660-6542EBA880D4}"
EndProject
Project("{FAE04EC0-301F-11D3-BF4B-00C04F79EFBC}") = "Player", "Player\Player.csproj", "{4BEB668B-A3DB-49FC-955D-1C015DD95610}"
EndProject
Project("{FAE04EC0-301F-11D3-BF4B-00C04F79EFBC}") = "Dictionary", "Dictionary\Dictionary.csproj", "{B78B4147-ADA2-4288-B459-BFCA06E500C1}"
EndProject
Project("{FAE04EC0-301F-11D3-BF4B-00C04F79EFBC}") = "MyArray", "MyArray\MyArray.csproj", "{F7965372-40D1-4B90-BF85-5F58AFA71DD3}"
EndProject
Project("{FAE04EC0-301F-11D3-BF4B-00C04F79EFBC}") = "MyMatrix", "MyMatrix\MyMatrix.csproj", "{8942AFC2-B081-4CFD-B3C4-916645C3D7B3}"
EndProject
Project("{FAE04EC0-301F-11D3-BF4B-00C04F79EFBC}") = "Store", "Store\Store.csproj", "{5A2D58A8-B1F4-43DA-ACD6-686210EF717D}"
EndProject
Project("{FAE04EC0-301F-11D3-BF4B-00C04F79EFBC}") = "Calculator", "Calculator\Calculator.csproj", "{93D53C97-723A-4225-BC80-84AC9ACDB9A9}"
EndProject
Global
	GlobalSection(SolutionConfigurationPlatforms) = preSolution
		Debug|Any CPU = Debug|Any CPU
		Release|Any CPU = Release|Any CPU
	EndGlobalSection
	GlobalSection(ProjectConfigurationPlatforms) = postSolution
		{2E55452E-B7AF-4CB8-AEFE-9625987282B9}.Debug|Any CPU.ActiveCfg = Debug|Any CPU
		{2E55452E-B7AF-4CB8-AEFE-9625987282B9}.Debug|Any CPU.Build.0 = Debug|Any CPU
		{2E55452E-B7AF-4CB8-AEFE-9625987282B9}.Release|Any CPU.ActiveCfg = Release|Any CPU
		{2E55452E-B7AF-4CB8-AEFE-9625987282B9}.Release|Any CPU.Build.0 = Release|Any CPU
		{872615CF-1243-4B11-8CD0-C2E7DD1F0A84}.Debug|Any CPU.ActiveCfg = Debug|Any CPU
		{872615CF-1243-4B11-8CD0-C2E7DD1F0A84}.Debug|Any CPU.Build.0 = Debug|Any CPU
		{872615CF-1243-4B11-8CD0-C2E7DD1F0A84}.Release|Any CPU.ActiveCfg = Release|Any CPU
		{872615CF-1243-4B11-8CD0-C2E7DD1F0A84}.Release|Any CPU.Build.0 = Release|Any CPU
		{6DB5C910-61AF-44CC-A9A5-8E3B03E3941F}.Debug|Any CPU.ActiveCfg = Debug|Any CPU
		{6DB5C910-61AF-44CC-A9A5-8E3B03E3941F}.Debug|Any CPU.Build.0 = Debug|Any CPU
		{6DB5C910-61AF-44CC-A9A5-8E3B03E3941F}.Release|Any CPU.ActiveCfg = Release|Any CPU
		{6DB5C910-61AF-44CC-A9A5-8E3B03E3941F}.Release|Any CPU.Build.0 = Release|Any CPU
		{AA526F1D-9A78-44C5-A1D4-FE278E1712A5}.Debug|Any CPU.ActiveCfg = Debug|Any CPU
		{AA526F1D-9A78-44C5-A1D4-FE278E1712A5}.Debug|Any CPU.Build.0 = Debug|Any CPU
		{AA526F1D-9A78-44C5-A1D4-FE278E1712A5}.Release|Any CPU.ActiveCfg = Release|Any CPU
		{AA526F1D-9A78-44C5-A1D4-FE278E1712A5}.Release|Any CPU.Build.0 = Release|Any CPU
		{DDB7215F-1D35-4C13-A93C-5B74132F1923}.Debug|Any CPU.ActiveCfg = Debug|Any CPU
		{DDB7215F-1D35-4C13-A93C-5B74132F1923}.Debug|Any CPU.Build.0 = Debug|Any CPU
		{DDB7215F-1D35-4C13-A93C-5B74132F1923}.Release|Any CPU.ActiveCfg = Release|Any CPU
		{DDB7215F-1D35-4C13-A93C-5B74132F1923}.Release|Any CPU.Build.0 = Release|Any CPU
		{6E261B1A-AF88-42F5-9F02-39FCD88EDFD3}.Debug|Any CPU.ActiveCfg = Debug|Any CPU
		{6E261B1A-AF88-42F5-9F02-39FCD88EDFD3}.Debug|Any CPU.Build.0 = Debug|Any CPU
		{6E261B1A-AF88-42F5-9F02-39FCD88EDFD3}.Release|Any CPU.ActiveCfg = Release|Any CPU
		{6E261B1A-AF88-42F5-9F02-39FCD88EDFD3}.Release|Any CPU.Build.0 = Release|Any CPU
		{36FEB889-4AC7-4AEC-B2A5-485102C9B1D1}.Debug|Any CPU.ActiveCfg = Debug|Any CPU
		{36FEB889-4AC7-4AEC-B2A5-485102C9B1D1}.Debug|Any CPU.Build.0 = Debug|Any CPU
		{36FEB889-4AC7-4AEC-B2A5-485102C9B1D1}.Release|Any CPU.ActiveCfg = Release|Any CPU
		{36FEB889-4AC7-4AEC-B2A5-485102C9B1D1}.Release|Any CPU.Build.0 = Release|Any CPU
		{4FA5DCE1-59E0-46E8-9EBE-9CD26E1BE595}.Debug|Any CPU.ActiveCfg = Debug|Any CPU
		{4FA5DCE1-59E0-46E8-9EBE-9CD26E1BE595}.Debug|Any CPU.Build.0 = Debug|Any CPU
		{4FA5DCE1-59E0-46E8-9EBE-9CD26E1BE595}.Release|Any CPU.ActiveCfg = Release|Any CPU
		{4FA5DCE1-59E0-46E8-9EBE-9CD26E1BE595}.Release|Any CPU.Build.0 = Release|Any CPU
		{A8636227-40D4-471C-9E6E-0510056D7B8B}.Debug|Any CPU.ActiveCfg = Debug|Any CPU
		{A8636227-40D4-471C-9E6E-0510056D7B8B}.Debug|Any CPU.Build.0 = Debug|Any CPU
		{A8636227-40D4-471C-9E6E-0510056D7B8B}.Release|Any CPU.ActiveCfg = Release|Any CPU
		{A8636227-40D4-471C-9E6E-0510056D7B8B}.Release|Any CPU.Build.0 = Release|Any CPU
		{AF2FB38B-B0E3-459D-A96D-955190DCB92B}.Debug|Any CPU.ActiveCfg = Debug|Any CPU
		{AF2FB38B-B0E3-459D-A96D-955190DCB92B}.Debug|Any CPU.Build.0 = Debug|Any CPU
		{AF2FB38B-B0E3-459D-A96D-955190DCB92B}.Release|Any CPU.ActiveCfg = Release|Any CPU
		{AF2FB38B-B0E3-459D-A96D-955190DCB92B}.Release|Any CPU.Build.0 = Release|Any CPU
		{F44501FC-A323-488D-B04D-01B1E3AA8A59}.Debug|Any CPU.ActiveCfg = Debug|Any CPU
		{F44501FC-A323-488D-B04D-01B1E3AA8A59}.Debug|Any CPU.Build.0 = Debug|Any CPU
		{F44501FC-A323-488D-B04D-01B1E3AA8A59}.Release|Any CPU.ActiveCfg = Release|Any CPU
		{F44501FC-A323-488D-B04D-01B1E3AA8A59}.Release|Any CPU.Build.0 = Release|Any CPU
		{69613089-1DAF-47E7-9873-A874FD179E4F}.Debug|Any CPU.ActiveCfg = Debug|Any CPU
		{69613089-1DAF-47E7-9873-A874FD179E4F}.Debug|Any CPU.Build.0 = Debug|Any CPU
		{69613089-1DAF-47E7-9873-A874FD179E4F}.Release|Any CPU.ActiveCfg = Release|Any CPU
		{69613089-1DAF-47E7-9873-A874FD179E4F}.Release|Any CPU.Build.0 = Release|Any CPU
		{CC801F1F-B9E4-4A69-B660-6542EBA880D4}.Debug|Any CPU.ActiveCfg = Debug|Any CPU
		{CC801F1F-B9E4-4A69-B660-6542EBA880D4}.Debug|Any CPU.Build.0 = Debug|Any CPU
		{CC801F1F-B9E4-4A69-B660-6542EBA880D4}.Release|Any CPU.ActiveCfg = Release|Any CPU
		{CC801F1F-B9E4-4A69-B660-6542EBA880D4}.Release|Any CPU.Build.0 = Release|Any CPU
		{4BEB668B-A3DB-49FC-955D-1C015DD95610}.Debug|Any CPU.ActiveCfg = Debug|Any CPU
		{4BEB668B-A3DB-49FC-955D-1C015DD95610}.Debug|Any CPU.Build.0 = Debug|Any CPU
		{4BEB668B-A3DB-49FC-955D-1C015DD95610}.Release|Any CPU.ActiveCfg = Release|Any CPU
		{4BEB668B-A3DB-49FC-955D-1C015DD95610}.Release|Any CPU.Build.0 = Release|Any CPU
		{B78B4147-ADA2-4288-B459-BFCA06E500C1}.Debug|Any CPU.ActiveCfg = Debug|Any CPU
		{B78B4147-ADA2-4288-B459-BFCA06E500C1}.Debug|Any CPU.Build.0 = Debug|Any CPU
		{B78B4147-ADA2-4288-B459-BFCA06E500C1}.Release|Any CPU.ActiveCfg = Release|Any CPU
		{B78B4147-ADA2-4288-B459-BFCA06E500C1}.Release|Any CPU.Build.0 = Release|Any CPU
		{F7965372-40D1-4B90-BF85-5F58AFA71DD3}.Debug|Any CPU.ActiveCfg = Debug|Any CPU
		{F7965372-40D1-4B90-BF85-5F58AFA71DD3}.Debug|Any CPU.Build.0 = Debug|Any CPU
		{F7965372-40D1-4B90-BF85-5F58AFA71DD3}.Release|Any CPU.ActiveCfg = Release|Any CPU
		{F7965372-40D1-4B90-BF85-5F58AFA71DD3}.Release|Any CPU.Build.0 = Release|Any CPU
		{8942AFC2-B081-4CFD-B3C4-916645C3D7B3}.Debug|Any CPU.ActiveCfg = Debug|Any CPU
		{8942AFC2-B081-4CFD-B3C4-916645C3D7B3}.Debug|Any CPU.Build.0 = Debug|Any CPU
		{8942AFC2-B081-4CFD-B3C4-916645C3D7B3}.Release|Any CPU.ActiveCfg = Release|Any CPU
		{8942AFC2-B081-4CFD-B3C4-916645C3D7B3}.Release|Any CPU.Build.0 = Release|Any CPU
		{5A2D58A8-B1F4-43DA-ACD6-686210EF717D}.Debug|Any CPU.ActiveCfg = Debug|Any CPU
		{5A2D58A8-B1F4-43DA-ACD6-686210EF717D}.Debug|Any CPU.Build.0 = Debug|Any CPU
		{5A2D58A8-B1F4-43DA-ACD6-686210EF717D}.Release|Any CPU.ActiveCfg = Release|Any CPU
		{5A2D58A8-B1F4-43DA-ACD6-686210EF717D}.Release|Any CPU.Build.0 = Release|Any CPU
		{93D53C97-723A-4225-BC80-84AC9ACDB9A9}.Debug|Any CPU.ActiveCfg = Debug|Any CPU
		{93D53C97-723A-4225-BC80-84AC9ACDB9A9}.Debug|Any CPU.Build.0 = Debug|Any CPU
		{93D53C97-723A-4225-BC80-84AC9ACDB9A9}.Release|Any CPU.ActiveCfg = Release|Any CPU
		{93D53C97-723A-4225-BC80-84AC9ACDB9A9}.Release|Any CPU.Build.0 = Release|Any CPU
	EndGlobalSection
	GlobalSection(SolutionProperties) = preSolution
		HideSolutionNode = FALSE
	EndGlobalSection
	GlobalSection(ExtensibilityGlobals) = postSolution
		SolutionGuid = {06AA33B1-A442-4349-B560-98DCE3FEE2E9}
	EndGlobalSection
EndGlobal
