
Microsoft Visual Studio Solution File, Format Version 12.00
# Visual Studio Version 16
VisualStudioVersion = 16.0.30011.22
MinimumVisualStudioVersion = 10.0.40219.1
Project("{FAE04EC0-301F-11D3-BF4B-00C04F79EFBC}") = "Address", "FirstApp\Address.csproj", "{2E55452E-B7AF-4CB8-AEFE-9625987282B9}"
EndProject
Project("{FAE04EC0-301F-11D3-BF4B-00C04F79EFBC}") = "Rectangle", "Rectangle\Rectangle.csproj", "{872615CF-1243-4B11-8CD0-C2E7DD1F0A84}"
EndProject
Project("{FAE04EC0-301F-11D3-BF4B-00C04F79EFBC}") = "Book", "Book\Book.csproj", "{6DB5C910-61AF-44CC-A9A5-8E3B03E3941F}"
EndProject
Project("{FAE04EC0-301F-11D3-BF4B-00C04F79EFBC}") = "Figure", "Figure\Figure.csproj", "{AA526F1D-9A78-44C5-A1D4-FE278E1712A5}"
EndProject
Global
	GlobalSection(SolutionConfigurationPlatforms) = preSolution
		Debug|Any CPU = Debug|Any CPU
		Release|Any CPU = Release|Any CPU
	EndGlobalSection
	GlobalSection(ProjectConfigurationPlatforms) = postSolution
		{2E55452E-B7AF-4CB8-AEFE-9625987282B9}.Debug|Any CPU.ActiveCfg = Debug|Any CPU
		{2E55452E-B7AF-4CB8-AEFE-9625987282B9}.Debug|Any CPU.Build.0 = Debug|Any CPU
		{2E55452E-B7AF-4CB8-AEFE-9625987282B9}.Release|Any CPU.ActiveCfg = Release|Any CPU
		{2E55452E-B7AF-4CB8-AEFE-9625987282B9}.Release|Any CPU.Build.0 = Release|Any CPU
		{872615CF-1243-4B11-8CD0-C2E7DD1F0A84}.Debug|Any CPU.ActiveCfg = Debug|Any CPU
		{872615CF-1243-4B11-8CD0-C2E7DD1F0A84}.Debug|Any CPU.Build.0 = Debug|Any CPU
		{872615CF-1243-4B11-8CD0-C2E7DD1F0A84}.Release|Any CPU.ActiveCfg = Release|Any CPU
		{872615CF-1243-4B11-8CD0-C2E7DD1F0A84}.Release|Any CPU.Build.0 = Release|Any CPU
		{6DB5C910-61AF-44CC-A9A5-8E3B03E3941F}.Debug|Any CPU.ActiveCfg = Debug|Any CPU
		{6DB5C910-61AF-44CC-A9A5-8E3B03E3941F}.Debug|Any CPU.Build.0 = Debug|Any CPU
		{6DB5C910-61AF-44CC-A9A5-8E3B03E3941F}.Release|Any CPU.ActiveCfg = Release|Any CPU
		{6DB5C910-61AF-44CC-A9A5-8E3B03E3941F}.Release|Any CPU.Build.0 = Release|Any CPU
		{AA526F1D-9A78-44C5-A1D4-FE278E1712A5}.Debug|Any CPU.ActiveCfg = Debug|Any CPU
		{AA526F1D-9A78-44C5-A1D4-FE278E1712A5}.Debug|Any CPU.Build.0 = Debug|Any CPU
		{AA526F1D-9A78-44C5-A1D4-FE278E1712A5}.Release|Any CPU.ActiveCfg = Release|Any CPU
		{AA526F1D-9A78-44C5-A1D4-FE278E1712A5}.Release|Any CPU.Build.0 = Release|Any CPU
	EndGlobalSection
	GlobalSection(SolutionProperties) = preSolution
		HideSolutionNode = FALSE
	EndGlobalSection
	GlobalSection(ExtensibilityGlobals) = postSolution
		SolutionGuid = {06AA33B1-A442-4349-B560-98DCE3FEE2E9}
	EndGlobalSection
EndGlobal
